
Microsoft Visual Studio Solution File, Format Version 12.00
# Visual Studio Version 16
VisualStudioVersion = 16.0.29613.14
MinimumVisualStudioVersion = 10.0.40219.1
Project("{FAE04EC0-301F-11D3-BF4B-00C04F79EFBC}") = "Centric Consulting MIS 4200 Project", "Centric Consulting MIS 4200 Project.csproj", "{6874C952-A44C-4741-ACC5-99D357057F2A}"
EndProject
Global
	GlobalSection(SolutionConfigurationPlatforms) = preSolution
		Debug|Any CPU = Debug|Any CPU
		Release|Any CPU = Release|Any CPU
	EndGlobalSection
	GlobalSection(ProjectConfigurationPlatforms) = postSolution
		{6874C952-A44C-4741-ACC5-99D357057F2A}.Debug|Any CPU.ActiveCfg = Debug|Any CPU
		{6874C952-A44C-4741-ACC5-99D357057F2A}.Debug|Any CPU.Build.0 = Debug|Any CPU
		{6874C952-A44C-4741-ACC5-99D357057F2A}.Release|Any CPU.ActiveCfg = Release|Any CPU
		{6874C952-A44C-4741-ACC5-99D357057F2A}.Release|Any CPU.Build.0 = Release|Any CPU
	EndGlobalSection
	GlobalSection(SolutionProperties) = preSolution
		HideSolutionNode = FALSE
	EndGlobalSection
	GlobalSection(ExtensibilityGlobals) = postSolution
		SolutionGuid = {BAC53522-AF17-4D3B-B687-7C1D973C20D0}
	EndGlobalSection
EndGlobal
